github.com/gen2brain/go-unarr v0.1.6 h1:2TtfIQ2dGuCkgEYa+vPE1ydcpkB3CtBbdYMfRSGLdA8=
github.com/gen2brain/go-unarr v0.1.6/go.mod h1:P05CsEe8jVEXhxqXqp9mFKUKFV0BKpFmtgNWf8Mcoos=
github.com/gotk3/gotk3 v0.6.1 h1:GJ400a0ecEEWrzjBvzBzH+pB/esEMIGdB9zPSmBdoeo=
github.com/gotk3/gotk3 v0.6.1/go.mod h1:/hqFpkNa9T3JgNAE2fLvCdov7c5bw//FHNZrZ3Uv9/Q=
